
Microsoft Visual Studio Solution File, Format Version 12.00
# Visual Studio Version 17
VisualStudioVersion = 17.7.34018.315
MinimumVisualStudioVersion = 10.0.40219.1
Project("{FAE04EC0-301F-11D3-BF4B-00C04F79EFBC}") = "QuanLyPhongKhamNhaKhoa", "QuanLyPhongKhamNhaKhoa\QuanLyPhongKhamNhaKhoa.csproj", "{1CB774D5-D379-4C1B-9EE5-48E40418E582}"
EndProject
Global
	GlobalSection(SolutionConfigurationPlatforms) = preSolution
		Debug|Any CPU = Debug|Any CPU
		Release|Any CPU = Release|Any CPU
	EndGlobalSection
	GlobalSection(ProjectConfigurationPlatforms) = postSolution
		{1CB774D5-D379-4C1B-9EE5-48E40418E582}.Debug|Any CPU.ActiveCfg = Debug|Any CPU
		{1CB774D5-D379-4C1B-9EE5-48E40418E582}.Debug|Any CPU.Build.0 = Debug|Any CPU
		{1CB774D5-D379-4C1B-9EE5-48E40418E582}.Release|Any CPU.ActiveCfg = Release|Any CPU
		{1CB774D5-D379-4C1B-9EE5-48E40418E582}.Release|Any CPU.Build.0 = Release|Any CPU
	EndGlobalSection
	GlobalSection(SolutionProperties) = preSolution
		HideSolutionNode = FALSE
	EndGlobalSection
	GlobalSection(ExtensibilityGlobals) = postSolution
		SolutionGuid = {B1C4DF97-8D30-4F4B-A046-AA09C98DBAA8}
	EndGlobalSection
EndGlobal
